
Microsoft Visual Studio Solution File, Format Version 12.00
# Visual Studio Version 17
VisualStudioVersion = 17.5.002.0
MinimumVisualStudioVersion = 10.0.40219.1
Project("{9A19103F-16F7-4668-BE54-9A1E7A4F7556}") = "DesafioPOO", "DesafioPOO.csproj", "{2C691095-51C6-44A1-AEA7-B5A51C912C0B}"
EndProject
Global
	GlobalSection(SolutionConfigurationPlatforms) = preSolution
		Debug|Any CPU = Debug|Any CPU
		Release|Any CPU = Release|Any CPU
	EndGlobalSection
	GlobalSection(ProjectConfigurationPlatforms) = postSolution
		{2C691095-51C6-44A1-AEA7-B5A51C912C0B}.Debug|Any CPU.ActiveCfg = Debug|Any CPU
		{2C691095-51C6-44A1-AEA7-B5A51C912C0B}.Debug|Any CPU.Build.0 = Debug|Any CPU
		{2C691095-51C6-44A1-AEA7-B5A51C912C0B}.Release|Any CPU.ActiveCfg = Release|Any CPU
		{2C691095-51C6-44A1-AEA7-B5A51C912C0B}.Release|Any CPU.Build.0 = Release|Any CPU
	EndGlobalSection
	GlobalSection(SolutionProperties) = preSolution
		HideSolutionNode = FALSE
	EndGlobalSection
	GlobalSection(ExtensibilityGlobals) = postSolution
		SolutionGuid = {9DAF5C19-450F-4CCC-843F-4B8097F40017}
	EndGlobalSection
EndGlobal
